%{
  "bunt": {:hex, :bunt, "0.1.6", "5d95a6882f73f3b9969fdfd1953798046664e6f77ec4e486e6fafc7caad97c6f", [:mix], [], "hexpm", "4fb7b2f7b04af13cf210b132f8d10db52d4a57d36cb974e8025d7fdb12ca97fc"},
  "credo": {:hex, :credo, "0.5.2", "92e8c9f86e0ffbf9f688595e9f4e936bc96a52e5606d2c19713e9e4d191d5c74", [:mix], [{:bunt, "~> 0.1.6", [hex: :bunt, repo: "hexpm", optional: false]}], "hexpm", "0f591a89982ec81d76d7f661779b7fd8802f5e644eca2b25b267c6beb4e0930a"},
  "earmark": {:hex, :earmark, "1.0.3", "89bdbaf2aca8bbb5c97d8b3b55c5dd0cff517ecc78d417e87f1d0982e514557b", [:mix], [], "hexpm", "0fdcd651f9689e81cda24c8e5d06947c5aca69dbd8ce3d836b02bcd0c6004592"},
  "ex_doc": {:hex, :ex_doc, "0.14.3", "e61cec6cf9731d7d23d254266ab06ac1decbb7651c3d1568402ec535d387b6f7", [:mix], [{:earmark, "~> 1.0", [hex: :earmark, repo: "hexpm", optional: false]}], "hexpm", "6bf36498c4c67fdbe6d4ad73a112098cbcc09b147b859219b023fc2636729bf6"},
}
